
Microsoft Visual Studio Solution File, Format Version 12.00
# Visual Studio 14
VisualStudioVersion = 14.0.23107.0
MinimumVisualStudioVersion = 10.0.40219.1
Project("{FAE04EC0-301F-11D3-BF4B-00C04F79EFBC}") = "ActuatorNode", "ActuatorNode\ActuatorNode.csproj", "{94B32729-92FD-4529-87D3-FE79C1D52F07}"
EndProject
Project("{FAE04EC0-301F-11D3-BF4B-00C04F79EFBC}") = "GHIElectronics.UAP.Drivers", "..\External\ghi\windows-iot\Drivers\GHIElectronics.UAP.Drivers.csproj", "{12B58484-F52B-484A-85A3-E3763E366511}"
EndProject
Project("{FAE04EC0-301F-11D3-BF4B-00C04F79EFBC}") = "GHIElectronics.UAP.Gadgeteer.Core", "..\External\ghi\windows-iot\Gadgeteer\Core\GHIElectronics.UAP.Gadgeteer.Core.csproj", "{B92005D3-7F69-4FBC-AD73-DCFB5ED7FF01}"
EndProject
Project("{FAE04EC0-301F-11D3-BF4B-00C04F79EFBC}") = "GHIElectronics.UAP.Gadgeteer.Modules", "..\External\ghi\windows-iot\Gadgeteer\Modules\GHIElectronics.UAP.Gadgeteer.Modules.csproj", "{E5B6AE8E-39CE-4605-AFDD-30C7FABAB052}"
EndProject
Project("{FAE04EC0-301F-11D3-BF4B-00C04F79EFBC}") = "PervasiveDigital.UAP.Gadgeteer.Modules", "PervasiveDigital.UAP.Gadgeteer.Modules\PervasiveDigital.UAP.Gadgeteer.Modules.csproj", "{2FDF4FC1-55E5-40F0-859D-B4BA7D88E001}"
EndProject
Project("{2150E333-8FDC-42A3-9474-1A3956D46DE8}") = "AllJoyn", "AllJoyn", "{BE59D7E5-39EB-411D-9AE2-C116FA948E38}"
	ProjectSection(SolutionItems) = preProject
		AllJoyn\HowToGenerate.txt = AllJoyn\HowToGenerate.txt
		AllJoyn\RelayNodeDefinition.xml = AllJoyn\RelayNodeDefinition.xml
	EndProjectSection
EndProject
Project("{8BC9CEB8-8B4A-11D0-8D11-00A0C91BC942}") = "AllJoynRelayNode", "AllJoyn\AllJoynRelayNode\AllJoynRelayNode.vcxproj", "{05FE9B53-D62C-4372-9DAD-564A8C6AF4BC}"
EndProject
Global
	GlobalSection(SolutionConfigurationPlatforms) = preSolution
		Debug|Any CPU = Debug|Any CPU
		Debug|ARM = Debug|ARM
		Debug|x64 = Debug|x64
		Debug|x86 = Debug|x86
		Release|Any CPU = Release|Any CPU
		Release|ARM = Release|ARM
		Release|x64 = Release|x64
		Release|x86 = Release|x86
	EndGlobalSection
	GlobalSection(ProjectConfigurationPlatforms) = postSolution
		{94B32729-92FD-4529-87D3-FE79C1D52F07}.Debug|Any CPU.ActiveCfg = Debug|x86
		{94B32729-92FD-4529-87D3-FE79C1D52F07}.Debug|ARM.ActiveCfg = Debug|ARM
		{94B32729-92FD-4529-87D3-FE79C1D52F07}.Debug|ARM.Build.0 = Debug|ARM
		{94B32729-92FD-4529-87D3-FE79C1D52F07}.Debug|ARM.Deploy.0 = Debug|ARM
		{94B32729-92FD-4529-87D3-FE79C1D52F07}.Debug|x64.ActiveCfg = Debug|x64
		{94B32729-92FD-4529-87D3-FE79C1D52F07}.Debug|x64.Build.0 = Debug|x64
		{94B32729-92FD-4529-87D3-FE79C1D52F07}.Debug|x64.Deploy.0 = Debug|x64
		{94B32729-92FD-4529-87D3-FE79C1D52F07}.Debug|x86.ActiveCfg = Debug|x86
		{94B32729-92FD-4529-87D3-FE79C1D52F07}.Debug|x86.Build.0 = Debug|x86
		{94B32729-92FD-4529-87D3-FE79C1D52F07}.Debug|x86.Deploy.0 = Debug|x86
		{94B32729-92FD-4529-87D3-FE79C1D52F07}.Release|Any CPU.ActiveCfg = Release|x86
		{94B32729-92FD-4529-87D3-FE79C1D52F07}.Release|ARM.ActiveCfg = Release|ARM
		{94B32729-92FD-4529-87D3-FE79C1D52F07}.Release|ARM.Build.0 = Release|ARM
		{94B32729-92FD-4529-87D3-FE79C1D52F07}.Release|ARM.Deploy.0 = Release|ARM
		{94B32729-92FD-4529-87D3-FE79C1D52F07}.Release|x64.ActiveCfg = Release|x64
		{94B32729-92FD-4529-87D3-FE79C1D52F07}.Release|x64.Build.0 = Release|x64
		{94B32729-92FD-4529-87D3-FE79C1D52F07}.Release|x64.Deploy.0 = Release|x64
		{94B32729-92FD-4529-87D3-FE79C1D52F07}.Release|x86.ActiveCfg = Release|x86
		{94B32729-92FD-4529-87D3-FE79C1D52F07}.Release|x86.Build.0 = Release|x86
		{94B32729-92FD-4529-87D3-FE79C1D52F07}.Release|x86.Deploy.0 = Release|x86
		{12B58484-F52B-484A-85A3-E3763E366511}.Debug|Any CPU.ActiveCfg = Debug|Any CPU
		{12B58484-F52B-484A-85A3-E3763E366511}.Debug|Any CPU.Build.0 = Debug|Any CPU
		{12B58484-F52B-484A-85A3-E3763E366511}.Debug|ARM.ActiveCfg = Debug|ARM
		{12B58484-F52B-484A-85A3-E3763E366511}.Debug|ARM.Build.0 = Debug|ARM
		{12B58484-F52B-484A-85A3-E3763E366511}.Debug|x64.ActiveCfg = Debug|x64
		{12B58484-F52B-484A-85A3-E3763E366511}.Debug|x64.Build.0 = Debug|x64
		{12B58484-F52B-484A-85A3-E3763E366511}.Debug|x86.ActiveCfg = Debug|x86
		{12B58484-F52B-484A-85A3-E3763E366511}.Debug|x86.Build.0 = Debug|x86
		{12B58484-F52B-484A-85A3-E3763E366511}.Release|Any CPU.ActiveCfg = Release|Any CPU
		{12B58484-F52B-484A-85A3-E3763E366511}.Release|Any CPU.Build.0 = Release|Any CPU
		{12B58484-F52B-484A-85A3-E3763E366511}.Release|ARM.ActiveCfg = Release|ARM
		{12B58484-F52B-484A-85A3-E3763E366511}.Release|ARM.Build.0 = Release|ARM
		{12B58484-F52B-484A-85A3-E3763E366511}.Release|x64.ActiveCfg = Release|x64
		{12B58484-F52B-484A-85A3-E3763E366511}.Release|x64.Build.0 = Release|x64
		{12B58484-F52B-484A-85A3-E3763E366511}.Release|x86.ActiveCfg = Release|x86
		{12B58484-F52B-484A-85A3-E3763E366511}.Release|x86.Build.0 = Release|x86
		{B92005D3-7F69-4FBC-AD73-DCFB5ED7FF01}.Debug|Any CPU.ActiveCfg = Debug|Any CPU
		{B92005D3-7F69-4FBC-AD73-DCFB5ED7FF01}.Debug|Any CPU.Build.0 = Debug|Any CPU
		{B92005D3-7F69-4FBC-AD73-DCFB5ED7FF01}.Debug|ARM.ActiveCfg = Debug|ARM
		{B92005D3-7F69-4FBC-AD73-DCFB5ED7FF01}.Debug|ARM.Build.0 = Debug|ARM
		{B92005D3-7F69-4FBC-AD73-DCFB5ED7FF01}.Debug|x64.ActiveCfg = Debug|x64
		{B92005D3-7F69-4FBC-AD73-DCFB5ED7FF01}.Debug|x64.Build.0 = Debug|x64
		{B92005D3-7F69-4FBC-AD73-DCFB5ED7FF01}.Debug|x86.ActiveCfg = Debug|x86
		{B92005D3-7F69-4FBC-AD73-DCFB5ED7FF01}.Debug|x86.Build.0 = Debug|x86
		{B92005D3-7F69-4FBC-AD73-DCFB5ED7FF01}.Release|Any CPU.ActiveCfg = Release|Any CPU
		{B92005D3-7F69-4FBC-AD73-DCFB5ED7FF01}.Release|Any CPU.Build.0 = Release|Any CPU
		{B92005D3-7F69-4FBC-AD73-DCFB5ED7FF01}.Release|ARM.ActiveCfg = Release|ARM
		{B92005D3-7F69-4FBC-AD73-DCFB5ED7FF01}.Release|ARM.Build.0 = Release|ARM
		{B92005D3-7F69-4FBC-AD73-DCFB5ED7FF01}.Release|x64.ActiveCfg = Release|x64
		{B92005D3-7F69-4FBC-AD73-DCFB5ED7FF01}.Release|x64.Build.0 = Release|x64
		{B92005D3-7F69-4FBC-AD73-DCFB5ED7FF01}.Release|x86.ActiveCfg = Release|x86
		{B92005D3-7F69-4FBC-AD73-DCFB5ED7FF01}.Release|x86.Build.0 = Release|x86
		{E5B6AE8E-39CE-4605-AFDD-30C7FABAB052}.Debug|Any CPU.ActiveCfg = Debug|Any CPU
		{E5B6AE8E-39CE-4605-AFDD-30C7FABAB052}.Debug|Any CPU.Build.0 = Debug|Any CPU
		{E5B6AE8E-39CE-4605-AFDD-30C7FABAB052}.Debug|ARM.ActiveCfg = Debug|ARM
		{E5B6AE8E-39CE-4605-AFDD-30C7FABAB052}.Debug|ARM.Build.0 = Debug|ARM
		{E5B6AE8E-39CE-4605-AFDD-30C7FABAB052}.Debug|x64.ActiveCfg = Debug|x64
		{E5B6AE8E-39CE-4605-AFDD-30C7FABAB052}.Debug|x64.Build.0 = Debug|x64
		{E5B6AE8E-39CE-4605-AFDD-30C7FABAB052}.Debug|x86.ActiveCfg = Debug|x86
		{E5B6AE8E-39CE-4605-AFDD-30C7FABAB052}.Debug|x86.Build.0 = Debug|x86
		{E5B6AE8E-39CE-4605-AFDD-30C7FABAB052}.Release|Any CPU.ActiveCfg = Release|Any CPU
		{E5B6AE8E-39CE-4605-AFDD-30C7FABAB052}.Release|Any CPU.Build.0 = Release|Any CPU
		{E5B6AE8E-39CE-4605-AFDD-30C7FABAB052}.Release|ARM.ActiveCfg = Release|ARM
		{E5B6AE8E-39CE-4605-AFDD-30C7FABAB052}.Release|ARM.Build.0 = Release|ARM
		{E5B6AE8E-39CE-4605-AFDD-30C7FABAB052}.Release|x64.ActiveCfg = Release|x64
		{E5B6AE8E-39CE-4605-AFDD-30C7FABAB052}.Release|x64.Build.0 = Release|x64
		{E5B6AE8E-39CE-4605-AFDD-30C7FABAB052}.Release|x86.ActiveCfg = Release|x86
		{E5B6AE8E-39CE-4605-AFDD-30C7FABAB052}.Release|x86.Build.0 = Release|x86
		{2FDF4FC1-55E5-40F0-859D-B4BA7D88E001}.Debug|Any CPU.ActiveCfg = Debug|Any CPU
		{2FDF4FC1-55E5-40F0-859D-B4BA7D88E001}.Debug|Any CPU.Build.0 = Debug|Any CPU
		{2FDF4FC1-55E5-40F0-859D-B4BA7D88E001}.Debug|ARM.ActiveCfg = Debug|ARM
		{2FDF4FC1-55E5-40F0-859D-B4BA7D88E001}.Debug|ARM.Build.0 = Debug|ARM
		{2FDF4FC1-55E5-40F0-859D-B4BA7D88E001}.Debug|x64.ActiveCfg = Debug|x64
		{2FDF4FC1-55E5-40F0-859D-B4BA7D88E001}.Debug|x64.Build.0 = Debug|x64
		{2FDF4FC1-55E5-40F0-859D-B4BA7D88E001}.Debug|x86.ActiveCfg = Debug|x86
		{2FDF4FC1-55E5-40F0-859D-B4BA7D88E001}.Debug|x86.Build.0 = Debug|x86
		{2FDF4FC1-55E5-40F0-859D-B4BA7D88E001}.Release|Any CPU.ActiveCfg = Release|Any CPU
		{2FDF4FC1-55E5-40F0-859D-B4BA7D88E001}.Release|Any CPU.Build.0 = Release|Any CPU
		{2FDF4FC1-55E5-40F0-859D-B4BA7D88E001}.Release|ARM.ActiveCfg = Release|ARM
		{2FDF4FC1-55E5-40F0-859D-B4BA7D88E001}.Release|ARM.Build.0 = Release|ARM
		{2FDF4FC1-55E5-40F0-859D-B4BA7D88E001}.Release|x64.ActiveCfg = Release|x64
		{2FDF4FC1-55E5-40F0-859D-B4BA7D88E001}.Release|x64.Build.0 = Release|x64
		{2FDF4FC1-55E5-40F0-859D-B4BA7D88E001}.Release|x86.ActiveCfg = Release|x86
		{2FDF4FC1-55E5-40F0-859D-B4BA7D88E001}.Release|x86.Build.0 = Release|x86
		{05FE9B53-D62C-4372-9DAD-564A8C6AF4BC}.Debug|Any CPU.ActiveCfg = Debug|Win32
		{05FE9B53-D62C-4372-9DAD-564A8C6AF4BC}.Debug|ARM.ActiveCfg = Debug|ARM
		{05FE9B53-D62C-4372-9DAD-564A8C6AF4BC}.Debug|ARM.Build.0 = Debug|ARM
		{05FE9B53-D62C-4372-9DAD-564A8C6AF4BC}.Debug|x64.ActiveCfg = Debug|x64
		{05FE9B53-D62C-4372-9DAD-564A8C6AF4BC}.Debug|x64.Build.0 = Debug|x64
		{05FE9B53-D62C-4372-9DAD-564A8C6AF4BC}.Debug|x86.ActiveCfg = Debug|Win32
		{05FE9B53-D62C-4372-9DAD-564A8C6AF4BC}.Debug|x86.Build.0 = Debug|Win32
		{05FE9B53-D62C-4372-9DAD-564A8C6AF4BC}.Release|Any CPU.ActiveCfg = Release|Win32
		{05FE9B53-D62C-4372-9DAD-564A8C6AF4BC}.Release|ARM.ActiveCfg = Release|ARM
		{05FE9B53-D62C-4372-9DAD-564A8C6AF4BC}.Release|ARM.Build.0 = Release|ARM
		{05FE9B53-D62C-4372-9DAD-564A8C6AF4BC}.Release|x64.ActiveCfg = Release|x64
		{05FE9B53-D62C-4372-9DAD-564A8C6AF4BC}.Release|x64.Build.0 = Release|x64
		{05FE9B53-D62C-4372-9DAD-564A8C6AF4BC}.Release|x86.ActiveCfg = Release|Win32
		{05FE9B53-D62C-4372-9DAD-564A8C6AF4BC}.Release|x86.Build.0 = Release|Win32
	EndGlobalSection
	GlobalSection(SolutionProperties) = preSolution
		HideSolutionNode = FALSE
	EndGlobalSection
	GlobalSection(NestedProjects) = preSolution
		{05FE9B53-D62C-4372-9DAD-564A8C6AF4BC} = {BE59D7E5-39EB-411D-9AE2-C116FA948E38}
	EndGlobalSection
EndGlobal
